
Microsoft Visual Studio Solution File, Format Version 12.00
# Visual Studio Version 16
VisualStudioVersion = 16.0.31613.86
MinimumVisualStudioVersion = 10.0.40219.1
Project("{FAE04EC0-301F-11D3-BF4B-00C04F79EFBC}") = "EnergySaveSystem", "EnergySaveSystem\EnergySaveSystem.csproj", "{6A7E6161-4DBA-479A-B2F1-9FC19DA69724}"
EndProject
Project("{FAE04EC0-301F-11D3-BF4B-00C04F79EFBC}") = "Controls", "Controls\Controls.csproj", "{FDF0F111-39A3-4598-B27A-1610B478B73D}"
EndProject
Project("{FAE04EC0-301F-11D3-BF4B-00C04F79EFBC}") = "Communication", "Communication\Communication.csproj", "{EBD26BCC-D57C-4E4A-A2ED-D2972F39976E}"
EndProject
Global
	GlobalSection(SolutionConfigurationPlatforms) = preSolution
		Debug|Any CPU = Debug|Any CPU
		Release|Any CPU = Release|Any CPU
	EndGlobalSection
	GlobalSection(ProjectConfigurationPlatforms) = postSolution
		{6A7E6161-4DBA-479A-B2F1-9FC19DA69724}.Debug|Any CPU.ActiveCfg = Debug|Any CPU
		{6A7E6161-4DBA-479A-B2F1-9FC19DA69724}.Debug|Any CPU.Build.0 = Debug|Any CPU
		{6A7E6161-4DBA-479A-B2F1-9FC19DA69724}.Release|Any CPU.ActiveCfg = Release|Any CPU
		{6A7E6161-4DBA-479A-B2F1-9FC19DA69724}.Release|Any CPU.Build.0 = Release|Any CPU
		{FDF0F111-39A3-4598-B27A-1610B478B73D}.Debug|Any CPU.ActiveCfg = Debug|Any CPU
		{FDF0F111-39A3-4598-B27A-1610B478B73D}.Debug|Any CPU.Build.0 = Debug|Any CPU
		{FDF0F111-39A3-4598-B27A-1610B478B73D}.Release|Any CPU.ActiveCfg = Release|Any CPU
		{FDF0F111-39A3-4598-B27A-1610B478B73D}.Release|Any CPU.Build.0 = Release|Any CPU
		{EBD26BCC-D57C-4E4A-A2ED-D2972F39976E}.Debug|Any CPU.ActiveCfg = Debug|Any CPU
		{EBD26BCC-D57C-4E4A-A2ED-D2972F39976E}.Debug|Any CPU.Build.0 = Debug|Any CPU
		{EBD26BCC-D57C-4E4A-A2ED-D2972F39976E}.Release|Any CPU.ActiveCfg = Release|Any CPU
		{EBD26BCC-D57C-4E4A-A2ED-D2972F39976E}.Release|Any CPU.Build.0 = Release|Any CPU
	EndGlobalSection
	GlobalSection(SolutionProperties) = preSolution
		HideSolutionNode = FALSE
	EndGlobalSection
	GlobalSection(ExtensibilityGlobals) = postSolution
		SolutionGuid = {0F45DEF1-837D-4360-A941-368AAD85FED1}
	EndGlobalSection
EndGlobal
